// !$*UTF8*$!
{
	archiveVersion = 1;
	classes = {
	};
	objectVersion = 46;
	objects = {

/* Begin PBXBuildFile section */
		11385125FBE8743EF769DFB1 /* libPods-DigitalSenseHD.a in Frameworks */ = {isa = PBXBuildFile; fileRef = 154374B62CBFE5C82DBB6315 /* libPods-DigitalSenseHD.a */; };
		8407720F1D61BFAA00A51654 /* CollectionViewOperationManager.m in Sources */ = {isa = PBXBuildFile; fileRef = 8407720E1D61BFAA00A51654 /* CollectionViewOperationManager.m */; };
		841933271D5B252100E8E9EE /* main.m in Sources */ = {isa = PBXBuildFile; fileRef = 841933261D5B252100E8E9EE /* main.m */; };
		8419332A1D5B252100E8E9EE /* AppDelegate.m in Sources */ = {isa = PBXBuildFile; fileRef = 841933291D5B252100E8E9EE /* AppDelegate.m */; };
		841933301D5B252100E8E9EE /* Main.storyboard in Resources */ = {isa = PBXBuildFile; fileRef = 8419332E1D5B252100E8E9EE /* Main.storyboard */; };
		841933331D5B252100E8E9EE /* DigitalSenseHD.xcdatamodeld in Sources */ = {isa = PBXBuildFile; fileRef = 841933311D5B252100E8E9EE /* DigitalSenseHD.xcdatamodeld */; };
		841933351D5B252100E8E9EE /* Assets.xcassets in Resources */ = {isa = PBXBuildFile; fileRef = 841933341D5B252100E8E9EE /* Assets.xcassets */; };
		841933381D5B252100E8E9EE /* LaunchScreen.storyboard in Resources */ = {isa = PBXBuildFile; fileRef = 841933361D5B252100E8E9EE /* LaunchScreen.storyboard */; };
		841933561D5B27BC00E8E9EE /* RFGeneralManager.m in Sources */ = {isa = PBXBuildFile; fileRef = 841933491D5B27BC00E8E9EE /* RFGeneralManager.m */; };
		841933571D5B27BC00E8E9EE /* SCNetWorkManager.m in Sources */ = {isa = PBXBuildFile; fileRef = 8419334C1D5B27BC00E8E9EE /* SCNetWorkManager.m */; };
		841933581D5B27BC00E8E9EE /* URLManager.m in Sources */ = {isa = PBXBuildFile; fileRef = 8419334E1D5B27BC00E8E9EE /* URLManager.m */; };
		841933591D5B27BC00E8E9EE /* AppUtils.m in Sources */ = {isa = PBXBuildFile; fileRef = 841933521D5B27BC00E8E9EE /* AppUtils.m */; };
		8419335D1D5B281C00E8E9EE /* HomeViewController.m in Sources */ = {isa = PBXBuildFile; fileRef = 8419335C1D5B281C00E8E9EE /* HomeViewController.m */; };
		841933631D5B2E4E00E8E9EE /* load_circle.png in Resources */ = {isa = PBXBuildFile; fileRef = 841933601D5B2E4E00E8E9EE /* load_circle.png */; };
		841933641D5B2E4E00E8E9EE /* MBProgressCustomView.m in Sources */ = {isa = PBXBuildFile; fileRef = 841933621D5B2E4E00E8E9EE /* MBProgressCustomView.m */; };
		842D8C6F1D66B29800DE6EBB /* UIView+Boom.m in Sources */ = {isa = PBXBuildFile; fileRef = 842D8C6E1D66B29800DE6EBB /* UIView+Boom.m */; };
		8462EB251D5D73F700897F92 /* ScriptCommand.m in Sources */ = {isa = PBXBuildFile; fileRef = 8462EB241D5D73F700897F92 /* ScriptCommand.m */; };
		8462EB2C1D5D788000897F92 /* HomeCollectionViewCell.m in Sources */ = {isa = PBXBuildFile; fileRef = 8462EB2B1D5D788000897F92 /* HomeCollectionViewCell.m */; };
		8462EB381D5D800500897F92 /* RealCellView.m in Sources */ = {isa = PBXBuildFile; fileRef = 8462EB371D5D800500897F92 /* RealCellView.m */; };
		8462EB3D1D5D80A100897F92 /* UIColor+HexString.m in Sources */ = {isa = PBXBuildFile; fileRef = 8462EB3C1D5D80A100897F92 /* UIColor+HexString.m */; };
		8462EB411D5DAED700897F92 /* CustomLewReorderableLayout.m in Sources */ = {isa = PBXBuildFile; fileRef = 8462EB401D5DAED700897F92 /* CustomLewReorderableLayout.m */; };
		8467F91A1D6AB29E00FEF47A /* ZDProgressView.m in Sources */ = {isa = PBXBuildFile; fileRef = 8467F9191D6AB29E00FEF47A /* ZDProgressView.m */; };
		8467F91E1D6ACBD200FEF47A /* FlipPlayViewController.m in Sources */ = {isa = PBXBuildFile; fileRef = 8467F91D1D6ACBD200FEF47A /* FlipPlayViewController.m */; };
		8467F9221D6AD03600FEF47A /* FlipPlayBackView.m in Sources */ = {isa = PBXBuildFile; fileRef = 8467F9211D6AD03600FEF47A /* FlipPlayBackView.m */; };
		8467F9251D6AD04600FEF47A /* FlipPlayView.m in Sources */ = {isa = PBXBuildFile; fileRef = 8467F9241D6AD04600FEF47A /* FlipPlayView.m */; };
		8467F9281D6AD59A00FEF47A /* FlipContentView.m in Sources */ = {isa = PBXBuildFile; fileRef = 8467F9271D6AD59A00FEF47A /* FlipContentView.m */; };
		8467F92C1D6AF48800FEF47A /* CAShapeLayer+FlipBackViewMask.m in Sources */ = {isa = PBXBuildFile; fileRef = 8467F92B1D6AF48800FEF47A /* CAShapeLayer+FlipBackViewMask.m */; };
		84691D361D6BEF05002F836C /* SystemConfiguration.framework in Frameworks */ = {isa = PBXBuildFile; fileRef = 84691D351D6BEF05002F836C /* SystemConfiguration.framework */; };
		84691D381D6BEF10002F836C /* libz.tbd in Frameworks */ = {isa = PBXBuildFile; fileRef = 84691D371D6BEF10002F836C /* libz.tbd */; };
		84691D3A1D6BEF1A002F836C /* libsqlite3.0.tbd in Frameworks */ = {isa = PBXBuildFile; fileRef = 84691D391D6BEF1A002F836C /* libsqlite3.0.tbd */; };
		84691D3C1D6BEF29002F836C /* libc++.tbd in Frameworks */ = {isa = PBXBuildFile; fileRef = 84691D3B1D6BEF29002F836C /* libc++.tbd */; };
		84691D4A1D6BEF5D002F836C /* CommonTools.m in Sources */ = {isa = PBXBuildFile; fileRef = 84691D3F1D6BEF5D002F836C /* CommonTools.m */; };
		84691D4B1D6BEF5D002F836C /* TencentOpenAPI.framework in Frameworks */ = {isa = PBXBuildFile; fileRef = 84691D411D6BEF5D002F836C /* TencentOpenAPI.framework */; };
		84691D4C1D6BEF5D002F836C /* TencentOpenApi_IOS_Bundle.bundle in Resources */ = {isa = PBXBuildFile; fileRef = 84691D421D6BEF5D002F836C /* TencentOpenApi_IOS_Bundle.bundle */; };
		84691D4D1D6BEF5D002F836C /* ShareManage.m in Sources */ = {isa = PBXBuildFile; fileRef = 84691D451D6BEF5D002F836C /* ShareManage.m */; };
		84691D4E1D6BEF5D002F836C /* libWeChatSDK.a in Frameworks */ = {isa = PBXBuildFile; fileRef = 84691D471D6BEF5D002F836C /* libWeChatSDK.a */; };
		847090DE1D5C2C43009DCD46 /* SmellView.m in Sources */ = {isa = PBXBuildFile; fileRef = 847090DD1D5C2C43009DCD46 /* SmellView.m */; };
		847219A71D68074500DE4E56 /* UICircleButton.m in Sources */ = {isa = PBXBuildFile; fileRef = 847219A61D68074500DE4E56 /* UICircleButton.m */; };
		847219AB1D6839CF00DE4E56 /* PlayViewController.m in Sources */ = {isa = PBXBuildFile; fileRef = 847219AA1D6839CF00DE4E56 /* PlayViewController.m */; };
		847219B01D683ED200DE4E56 /* RelativeTimeScript.m in Sources */ = {isa = PBXBuildFile; fileRef = 847219AD1D683ED200DE4E56 /* RelativeTimeScript.m */; };
		847219B11D683ED200DE4E56 /* Script.m in Sources */ = {isa = PBXBuildFile; fileRef = 847219AF1D683ED200DE4E56 /* Script.m */; };
		847219BE1D6843BE00DE4E56 /* UINavigationController+WXSTransition.m in Sources */ = {isa = PBXBuildFile; fileRef = 847219B41D6843BE00DE4E56 /* UINavigationController+WXSTransition.m */; };
		847219BF1D6843BE00DE4E56 /* UIViewController+WXSTransition.m in Sources */ = {isa = PBXBuildFile; fileRef = 847219B61D6843BE00DE4E56 /* UIViewController+WXSTransition.m */; };
		847219C01D6843BE00DE4E56 /* WXSPercentDrivenInteractiveTransition.m in Sources */ = {isa = PBXBuildFile; fileRef = 847219B81D6843BE00DE4E56 /* WXSPercentDrivenInteractiveTransition.m */; };
		847219C11D6843BE00DE4E56 /* WXSTransitionManager.m in Sources */ = {isa = PBXBuildFile; fileRef = 847219BA1D6843BE00DE4E56 /* WXSTransitionManager.m */; };
		847219C21D6843BE00DE4E56 /* WXSTransitionProperty.m in Sources */ = {isa = PBXBuildFile; fileRef = 847219BC1D6843BE00DE4E56 /* WXSTransitionProperty.m */; };
		847219CE1D684E5500DE4E56 /* BluetoothMacManager.m in Sources */ = {isa = PBXBuildFile; fileRef = 847219C51D684E5500DE4E56 /* BluetoothMacManager.m */; };
		847219CF1D684E5500DE4E56 /* BluetoothProcessManager.m in Sources */ = {isa = PBXBuildFile; fileRef = 847219C71D684E5500DE4E56 /* BluetoothProcessManager.m */; };
		847219D01D684E5500DE4E56 /* DataAnalizer.m in Sources */ = {isa = PBXBuildFile; fileRef = 847219CA1D684E5500DE4E56 /* DataAnalizer.m */; };
		847219D11D684E5500DE4E56 /* ScriptExecuteManager.m in Sources */ = {isa = PBXBuildFile; fileRef = 847219CD1D684E5500DE4E56 /* ScriptExecuteManager.m */; };
		84752D921D5F052000127812 /* GraduatedLineView.m in Sources */ = {isa = PBXBuildFile; fileRef = 84752D911D5F052000127812 /* GraduatedLineView.m */; };
		847D2E291D5C59A600DBC24C /* Smell.m in Sources */ = {isa = PBXBuildFile; fileRef = 847D2E281D5C59A600DBC24C /* Smell.m */; };
		847D2E2C1D5C5FBC00DBC24C /* SmellFakeView.m in Sources */ = {isa = PBXBuildFile; fileRef = 847D2E2B1D5C5FBC00DBC24C /* SmellFakeView.m */; };
		848820911D65DAE50035BEE1 /* HuaKangHaiBao.ttf in Resources */ = {isa = PBXBuildFile; fileRef = 848820901D65DAE50035BEE1 /* HuaKangHaiBao.ttf */; };
		848820921D65DC320035BEE1 /* WawaSC-Regular.otf in Resources */ = {isa = PBXBuildFile; fileRef = 8488208F1D65DAB30035BEE1 /* WawaSC-Regular.otf */; };
/* End PBXBuildFile section */

/* Begin PBXFileReference section */
		076A9A7E15D65EA9F8D8DA58 /* Pods-DigitalSenseHD.debug.xcconfig */ = {isa = PBXFileReference; includeInIndex = 1; lastKnownFileType = text.xcconfig; name = "Pods-DigitalSenseHD.debug.xcconfig"; path = "Pods/Target Support Files/Pods-DigitalSenseHD/Pods-DigitalSenseHD.debug.xcconfig"; sourceTree = "<group>"; };
		08F96D402CAC997922FBB457 /* Pods-DigitalSenseHD.release.xcconfig */ = {isa = PBXFileReference; includeInIndex = 1; lastKnownFileType = text.xcconfig; name = "Pods-DigitalSenseHD.release.xcconfig"; path = "Pods/Target Support Files/Pods-DigitalSenseHD/Pods-DigitalSenseHD.release.xcconfig"; sourceTree = "<group>"; };
		154374B62CBFE5C82DBB6315 /* libPods-DigitalSenseHD.a */ = {isa = PBXFileReference; explicitFileType = archive.ar; includeInIndex = 0; path = "libPods-DigitalSenseHD.a"; sourceTree = BUILT_PRODUCTS_DIR; };
		8407720D1D61BFAA00A51654 /* CollectionViewOperationManager.h */ = {isa = PBXFileReference; fileEncoding = 4; lastKnownFileType = sourcecode.c.h; path = CollectionViewOperationManager.h; sourceTree = "<group>"; };
		8407720E1D61BFAA00A51654 /* CollectionViewOperationManager.m */ = {isa = PBXFileReference; fileEncoding = 4; lastKnownFileType = sourcecode.c.objc; path = CollectionViewOperationManager.m; sourceTree = "<group>"; };
		841933221D5B252100E8E9EE /* DigitalSenseHD.app */ = {isa = PBXFileReference; explicitFileType = wrapper.application; includeInIndex = 0; path = DigitalSenseHD.app; sourceTree = BUILT_PRODUCTS_DIR; };
		841933261D5B252100E8E9EE /* main.m */ = {isa = PBXFileReference; lastKnownFileType = sourcecode.c.objc; path = main.m; sourceTree = "<group>"; };
		841933281D5B252100E8E9EE /* AppDelegate.h */ = {isa = PBXFileReference; lastKnownFileType = sourcecode.c.h; path = AppDelegate.h; sourceTree = "<group>"; };
		841933291D5B252100E8E9EE /* AppDelegate.m */ = {isa = PBXFileReference; lastKnownFileType = sourcecode.c.objc; path = AppDelegate.m; sourceTree = "<group>"; };
		8419332F1D5B252100E8E9EE /* Base */ = {isa = PBXFileReference; lastKnownFileType = file.storyboard; name = Base; path = Base.lproj/Main.storyboard; sourceTree = "<group>"; };
		841933321D5B252100E8E9EE /* DigitalSenseHD.xcdatamodel */ = {isa = PBXFileReference; lastKnownFileType = wrapper.xcdatamodel; path = DigitalSenseHD.xcdatamodel; sourceTree = "<group>"; };
		841933341D5B252100E8E9EE /* Assets.xcassets */ = {isa = PBXFileReference; lastKnownFileType = folder.assetcatalog; path = Assets.xcassets; sourceTree = "<group>"; };
		841933371D5B252100E8E9EE /* Base */ = {isa = PBXFileReference; lastKnownFileType = file.storyboard; name = Base; path = Base.lproj/LaunchScreen.storyboard; sourceTree = "<group>"; };
		841933391D5B252100E8E9EE /* Info.plist */ = {isa = PBXFileReference; lastKnownFileType = text.plist.xml; path = Info.plist; sourceTree = "<group>"; };
		841933481D5B27BC00E8E9EE /* RFGeneralManager.h */ = {isa = PBXFileReference; fileEncoding = 4; lastKnownFileType = sourcecode.c.h; path = RFGeneralManager.h; sourceTree = "<group>"; };
		841933491D5B27BC00E8E9EE /* RFGeneralManager.m */ = {isa = PBXFileReference; fileEncoding = 4; lastKnownFileType = sourcecode.c.objc; path = RFGeneralManager.m; sourceTree = "<group>"; };
		8419334A1D5B27BC00E8E9EE /* RFNetWorkHelper.h */ = {isa = PBXFileReference; fileEncoding = 4; lastKnownFileType = sourcecode.c.h; path = RFNetWorkHelper.h; sourceTree = "<group>"; };
		8419334B1D5B27BC00E8E9EE /* SCNetWorkManager.h */ = {isa = PBXFileReference; fileEncoding = 4; lastKnownFileType = sourcecode.c.h; path = SCNetWorkManager.h; sourceTree = "<group>"; };
		8419334C1D5B27BC00E8E9EE /* SCNetWorkManager.m */ = {isa = PBXFileReference; fileEncoding = 4; lastKnownFileType = sourcecode.c.objc; path = SCNetWorkManager.m; sourceTree = "<group>"; };
		8419334D1D5B27BC00E8E9EE /* URLManager.h */ = {isa = PBXFileReference; fileEncoding = 4; lastKnownFileType = sourcecode.c.h; path = URLManager.h; sourceTree = "<group>"; };
		8419334E1D5B27BC00E8E9EE /* URLManager.m */ = {isa = PBXFileReference; fileEncoding = 4; lastKnownFileType = sourcecode.c.objc; path = URLManager.m; sourceTree = "<group>"; };
		841933511D5B27BC00E8E9EE /* AppUtils.h */ = {isa = PBXFileReference; fileEncoding = 4; lastKnownFileType = sourcecode.c.h; path = AppUtils.h; sourceTree = "<group>"; };
		841933521D5B27BC00E8E9EE /* AppUtils.m */ = {isa = PBXFileReference; fileEncoding = 4; lastKnownFileType = sourcecode.c.objc; path = AppUtils.m; sourceTree = "<group>"; };
		841933531D5B27BC00E8E9EE /* GlobalVar.h */ = {isa = PBXFileReference; fileEncoding = 4; lastKnownFileType = sourcecode.c.h; path = GlobalVar.h; sourceTree = "<group>"; };
		8419335B1D5B281C00E8E9EE /* HomeViewController.h */ = {isa = PBXFileReference; fileEncoding = 4; lastKnownFileType = sourcecode.c.h; path = HomeViewController.h; sourceTree = "<group>"; };
		8419335C1D5B281C00E8E9EE /* HomeViewController.m */ = {isa = PBXFileReference; fileEncoding = 4; lastKnownFileType = sourcecode.c.objc; path = HomeViewController.m; sourceTree = "<group>"; };
		8419335E1D5B28A100E8E9EE /* DigitalSenseHD-Prefix.pch */ = {isa = PBXFileReference; lastKnownFileType = sourcecode.c.h; path = "DigitalSenseHD-Prefix.pch"; sourceTree = "<group>"; };
		841933601D5B2E4E00E8E9EE /* load_circle.png */ = {isa = PBXFileReference; lastKnownFileType = image.png; path = load_circle.png; sourceTree = "<group>"; };
		841933611D5B2E4E00E8E9EE /* MBProgressCustomView.h */ = {isa = PBXFileReference; fileEncoding = 4; lastKnownFileType = sourcecode.c.h; path = MBProgressCustomView.h; sourceTree = "<group>"; };
		841933621D5B2E4E00E8E9EE /* MBProgressCustomView.m */ = {isa = PBXFileReference; fileEncoding = 4; lastKnownFileType = sourcecode.c.objc; path = MBProgressCustomView.m; sourceTree = "<group>"; };
		842D8C6D1D66B29800DE6EBB /* UIView+Boom.h */ = {isa = PBXFileReference; fileEncoding = 4; lastKnownFileType = sourcecode.c.h; path = "UIView+Boom.h"; sourceTree = "<group>"; };
		842D8C6E1D66B29800DE6EBB /* UIView+Boom.m */ = {isa = PBXFileReference; fileEncoding = 4; lastKnownFileType = sourcecode.c.objc; path = "UIView+Boom.m"; sourceTree = "<group>"; };
		8462EB231D5D73F700897F92 /* ScriptCommand.h */ = {isa = PBXFileReference; fileEncoding = 4; lastKnownFileType = sourcecode.c.h; path = ScriptCommand.h; sourceTree = "<group>"; };
		8462EB241D5D73F700897F92 /* ScriptCommand.m */ = {isa = PBXFileReference; fileEncoding = 4; lastKnownFileType = sourcecode.c.objc; path = ScriptCommand.m; sourceTree = "<group>"; };
		8462EB2A1D5D788000897F92 /* HomeCollectionViewCell.h */ = {isa = PBXFileReference; fileEncoding = 4; lastKnownFileType = sourcecode.c.h; path = HomeCollectionViewCell.h; sourceTree = "<group>"; };
		8462EB2B1D5D788000897F92 /* HomeCollectionViewCell.m */ = {isa = PBXFileReference; fileEncoding = 4; lastKnownFileType = sourcecode.c.objc; path = HomeCollectionViewCell.m; sourceTree = "<group>"; };
		8462EB361D5D800500897F92 /* RealCellView.h */ = {isa = PBXFileReference; fileEncoding = 4; lastKnownFileType = sourcecode.c.h; path = RealCellView.h; sourceTree = "<group>"; };
		8462EB371D5D800500897F92 /* RealCellView.m */ = {isa = PBXFileReference; fileEncoding = 4; lastKnownFileType = sourcecode.c.objc; path = RealCellView.m; sourceTree = "<group>"; };
		8462EB3B1D5D80A100897F92 /* UIColor+HexString.h */ = {isa = PBXFileReference; fileEncoding = 4; lastKnownFileType = sourcecode.c.h; path = "UIColor+HexString.h"; sourceTree = "<group>"; };
		8462EB3C1D5D80A100897F92 /* UIColor+HexString.m */ = {isa = PBXFileReference; fileEncoding = 4; lastKnownFileType = sourcecode.c.objc; path = "UIColor+HexString.m"; sourceTree = "<group>"; };
		8462EB3F1D5DAED700897F92 /* CustomLewReorderableLayout.h */ = {isa = PBXFileReference; fileEncoding = 4; lastKnownFileType = sourcecode.c.h; path = CustomLewReorderableLayout.h; sourceTree = "<group>"; };
		8462EB401D5DAED700897F92 /* CustomLewReorderableLayout.m */ = {isa = PBXFileReference; fileEncoding = 4; lastKnownFileType = sourcecode.c.objc; path = CustomLewReorderableLayout.m; sourceTree = "<group>"; };
		8467F9181D6AB29E00FEF47A /* ZDProgressView.h */ = {isa = PBXFileReference; fileEncoding = 4; lastKnownFileType = sourcecode.c.h; path = ZDProgressView.h; sourceTree = "<group>"; };
		8467F9191D6AB29E00FEF47A /* ZDProgressView.m */ = {isa = PBXFileReference; fileEncoding = 4; lastKnownFileType = sourcecode.c.objc; path = ZDProgressView.m; sourceTree = "<group>"; };
		8467F91C1D6ACBD200FEF47A /* FlipPlayViewController.h */ = {isa = PBXFileReference; fileEncoding = 4; lastKnownFileType = sourcecode.c.h; path = FlipPlayViewController.h; sourceTree = "<group>"; };
		8467F91D1D6ACBD200FEF47A /* FlipPlayViewController.m */ = {isa = PBXFileReference; fileEncoding = 4; lastKnownFileType = sourcecode.c.objc; path = FlipPlayViewController.m; sourceTree = "<group>"; };
		8467F9201D6AD03600FEF47A /* FlipPlayBackView.h */ = {isa = PBXFileReference; fileEncoding = 4; lastKnownFileType = sourcecode.c.h; path = FlipPlayBackView.h; sourceTree = "<group>"; };
		8467F9211D6AD03600FEF47A /* FlipPlayBackView.m */ = {isa = PBXFileReference; fileEncoding = 4; lastKnownFileType = sourcecode.c.objc; path = FlipPlayBackView.m; sourceTree = "<group>"; };
		8467F9231D6AD04600FEF47A /* FlipPlayView.h */ = {isa = PBXFileReference; fileEncoding = 4; lastKnownFileType = sourcecode.c.h; path = FlipPlayView.h; sourceTree = "<group>"; };
		8467F9241D6AD04600FEF47A /* FlipPlayView.m */ = {isa = PBXFileReference; fileEncoding = 4; lastKnownFileType = sourcecode.c.objc; path = FlipPlayView.m; sourceTree = "<group>"; };
		8467F9261D6AD59A00FEF47A /* FlipContentView.h */ = {isa = PBXFileReference; fileEncoding = 4; lastKnownFileType = sourcecode.c.h; path = FlipContentView.h; sourceTree = "<group>"; };
		8467F9271D6AD59A00FEF47A /* FlipContentView.m */ = {isa = PBXFileReference; fileEncoding = 4; lastKnownFileType = sourcecode.c.objc; path = FlipContentView.m; sourceTree = "<group>"; };
		8467F92A1D6AF48800FEF47A /* CAShapeLayer+FlipBackViewMask.h */ = {isa = PBXFileReference; fileEncoding = 4; lastKnownFileType = sourcecode.c.h; path = "CAShapeLayer+FlipBackViewMask.h"; sourceTree = "<group>"; };
		8467F92B1D6AF48800FEF47A /* CAShapeLayer+FlipBackViewMask.m */ = {isa = PBXFileReference; fileEncoding = 4; lastKnownFileType = sourcecode.c.objc; path = "CAShapeLayer+FlipBackViewMask.m"; sourceTree = "<group>"; };
		84691D351D6BEF05002F836C /* SystemConfiguration.framework */ = {isa = PBXFileReference; lastKnownFileType = wrapper.framework; name = SystemConfiguration.framework; path = System/Library/Frameworks/SystemConfiguration.framework; sourceTree = SDKROOT; };
		84691D371D6BEF10002F836C /* libz.tbd */ = {isa = PBXFileReference; lastKnownFileType = "sourcecode.text-based-dylib-definition"; name = libz.tbd; path = usr/lib/libz.tbd; sourceTree = SDKROOT; };
		84691D391D6BEF1A002F836C /* libsqlite3.0.tbd */ = {isa = PBXFileReference; lastKnownFileType = "sourcecode.text-based-dylib-definition"; name = libsqlite3.0.tbd; path = usr/lib/libsqlite3.0.tbd; sourceTree = SDKROOT; };
		84691D3B1D6BEF29002F836C /* libc++.tbd */ = {isa = PBXFileReference; lastKnownFileType = "sourcecode.text-based-dylib-definition"; name = "libc++.tbd"; path = "usr/lib/libc++.tbd"; sourceTree = SDKROOT; };
		84691D3E1D6BEF5D002F836C /* CommonTools.h */ = {isa = PBXFileReference; fileEncoding = 4; lastKnownFileType = sourcecode.c.h; path = CommonTools.h; sourceTree = "<group>"; };
		84691D3F1D6BEF5D002F836C /* CommonTools.m */ = {isa = PBXFileReference; fileEncoding = 4; lastKnownFileType = sourcecode.c.objc; path = CommonTools.m; sourceTree = "<group>"; };
		84691D411D6BEF5D002F836C /* TencentOpenAPI.framework */ = {isa = PBXFileReference; lastKnownFileType = wrapper.framework; path = TencentOpenAPI.framework; sourceTree = "<group>"; };
		84691D421D6BEF5D002F836C /* TencentOpenApi_IOS_Bundle.bundle */ = {isa = PBXFileReference; lastKnownFileType = "wrapper.plug-in"; path = TencentOpenApi_IOS_Bundle.bundle; sourceTree = "<group>"; };
		84691D431D6BEF5D002F836C /* sdkDef.h */ = {isa = PBXFileReference; fileEncoding = 4; lastKnownFileType = sourcecode.c.h; path = sdkDef.h; sourceTree = "<group>"; };
		84691D441D6BEF5D002F836C /* ShareManage.h */ = {isa = PBXFileReference; fileEncoding = 4; lastKnownFileType = sourcecode.c.h; path = ShareManage.h; sourceTree = "<group>"; };
		84691D451D6BEF5D002F836C /* ShareManage.m */ = {isa = PBXFileReference; fileEncoding = 4; lastKnownFileType = sourcecode.c.objc; path = ShareManage.m; sourceTree = "<group>"; };
		84691D471D6BEF5D002F836C /* libWeChatSDK.a */ = {isa = PBXFileReference; lastKnownFileType = archive.ar; path = libWeChatSDK.a; sourceTree = "<group>"; };
		84691D481D6BEF5D002F836C /* WXApi.h */ = {isa = PBXFileReference; fileEncoding = 4; lastKnownFileType = sourcecode.c.h; path = WXApi.h; sourceTree = "<group>"; };
		84691D491D6BEF5D002F836C /* WXApiObject.h */ = {isa = PBXFileReference; fileEncoding = 4; lastKnownFileType = sourcecode.c.h; path = WXApiObject.h; sourceTree = "<group>"; };
		847090DC1D5C2C43009DCD46 /* SmellView.h */ = {isa = PBXFileReference; fileEncoding = 4; lastKnownFileType = sourcecode.c.h; path = SmellView.h; sourceTree = "<group>"; };
		847090DD1D5C2C43009DCD46 /* SmellView.m */ = {isa = PBXFileReference; fileEncoding = 4; lastKnownFileType = sourcecode.c.objc; path = SmellView.m; sourceTree = "<group>"; };
		847219A51D68074500DE4E56 /* UICircleButton.h */ = {isa = PBXFileReference; fileEncoding = 4; lastKnownFileType = sourcecode.c.h; path = UICircleButton.h; sourceTree = "<group>"; };
		847219A61D68074500DE4E56 /* UICircleButton.m */ = {isa = PBXFileReference; fileEncoding = 4; lastKnownFileType = sourcecode.c.objc; path = UICircleButton.m; sourceTree = "<group>"; };
		847219A91D6839CF00DE4E56 /* PlayViewController.h */ = {isa = PBXFileReference; fileEncoding = 4; lastKnownFileType = sourcecode.c.h; path = PlayViewController.h; sourceTree = "<group>"; };
		847219AA1D6839CF00DE4E56 /* PlayViewController.m */ = {isa = PBXFileReference; fileEncoding = 4; lastKnownFileType = sourcecode.c.objc; path = PlayViewController.m; sourceTree = "<group>"; };
		847219AC1D683ED200DE4E56 /* RelativeTimeScript.h */ = {isa = PBXFileReference; fileEncoding = 4; lastKnownFileType = sourcecode.c.h; path = RelativeTimeScript.h; sourceTree = "<group>"; };
		847219AD1D683ED200DE4E56 /* RelativeTimeScript.m */ = {isa = PBXFileReference; fileEncoding = 4; lastKnownFileType = sourcecode.c.objc; path = RelativeTimeScript.m; sourceTree = "<group>"; };
		847219AE1D683ED200DE4E56 /* Script.h */ = {isa = PBXFileReference; fileEncoding = 4; lastKnownFileType = sourcecode.c.h; path = Script.h; sourceTree = "<group>"; };
		847219AF1D683ED200DE4E56 /* Script.m */ = {isa = PBXFileReference; fileEncoding = 4; lastKnownFileType = sourcecode.c.objc; path = Script.m; sourceTree = "<group>"; };
		847219B31D6843BE00DE4E56 /* UINavigationController+WXSTransition.h */ = {isa = PBXFileReference; fileEncoding = 4; lastKnownFileType = sourcecode.c.h; path = "UINavigationController+WXSTransition.h"; sourceTree = "<group>"; };
		847219B41D6843BE00DE4E56 /* UINavigationController+WXSTransition.m */ = {isa = PBXFileReference; fileEncoding = 4; lastKnownFileType = sourcecode.c.objc; path = "UINavigationController+WXSTransition.m"; sourceTree = "<group>"; };
		847219B51D6843BE00DE4E56 /* UIViewController+WXSTransition.h */ = {isa = PBXFileReference; fileEncoding = 4; lastKnownFileType = sourcecode.c.h; path = "UIViewController+WXSTransition.h"; sourceTree = "<group>"; };
		847219B61D6843BE00DE4E56 /* UIViewController+WXSTransition.m */ = {isa = PBXFileReference; fileEncoding = 4; lastKnownFileType = sourcecode.c.objc; path = "UIViewController+WXSTransition.m"; sourceTree = "<group>"; };
		847219B71D6843BE00DE4E56 /* WXSPercentDrivenInteractiveTransition.h */ = {isa = PBXFileReference; fileEncoding = 4; lastKnownFileType = sourcecode.c.h; path = WXSPercentDrivenInteractiveTransition.h; sourceTree = "<group>"; };
		847219B81D6843BE00DE4E56 /* WXSPercentDrivenInteractiveTransition.m */ = {isa = PBXFileReference; fileEncoding = 4; lastKnownFileType = sourcecode.c.objc; path = WXSPercentDrivenInteractiveTransition.m; sourceTree = "<group>"; };
		847219B91D6843BE00DE4E56 /* WXSTransitionManager.h */ = {isa = PBXFileReference; fileEncoding = 4; lastKnownFileType = sourcecode.c.h; path = WXSTransitionManager.h; sourceTree = "<group>"; };
		847219BA1D6843BE00DE4E56 /* WXSTransitionManager.m */ = {isa = PBXFileReference; fileEncoding = 4; lastKnownFileType = sourcecode.c.objc; path = WXSTransitionManager.m; sourceTree = "<group>"; };
		847219BB1D6843BE00DE4E56 /* WXSTransitionProperty.h */ = {isa = PBXFileReference; fileEncoding = 4; lastKnownFileType = sourcecode.c.h; path = WXSTransitionProperty.h; sourceTree = "<group>"; };
		847219BC1D6843BE00DE4E56 /* WXSTransitionProperty.m */ = {isa = PBXFileReference; fileEncoding = 4; lastKnownFileType = sourcecode.c.objc; path = WXSTransitionProperty.m; sourceTree = "<group>"; };
		847219BD1D6843BE00DE4E56 /* WXSTypedefConfig.h */ = {isa = PBXFileReference; fileEncoding = 4; lastKnownFileType = sourcecode.c.h; path = WXSTypedefConfig.h; sourceTree = "<group>"; };
		847219C41D684E5500DE4E56 /* BluetoothMacManager.h */ = {isa = PBXFileReference; fileEncoding = 4; lastKnownFileType = sourcecode.c.h; path = BluetoothMacManager.h; sourceTree = "<group>"; };
		847219C51D684E5500DE4E56 /* BluetoothMacManager.m */ = {isa = PBXFileReference; fileEncoding = 4; lastKnownFileType = sourcecode.c.objc; path = BluetoothMacManager.m; sourceTree = "<group>"; };
		847219C61D684E5500DE4E56 /* BluetoothProcessManager.h */ = {isa = PBXFileReference; fileEncoding = 4; lastKnownFileType = sourcecode.c.h; path = BluetoothProcessManager.h; sourceTree = "<group>"; };
		847219C71D684E5500DE4E56 /* BluetoothProcessManager.m */ = {isa = PBXFileReference; fileEncoding = 4; lastKnownFileType = sourcecode.c.objc; path = BluetoothProcessManager.m; sourceTree = "<group>"; };
		847219C91D684E5500DE4E56 /* DataAnalizer.h */ = {isa = PBXFileReference; fileEncoding = 4; lastKnownFileType = sourcecode.c.h; path = DataAnalizer.h; sourceTree = "<group>"; };
		847219CA1D684E5500DE4E56 /* DataAnalizer.m */ = {isa = PBXFileReference; fileEncoding = 4; lastKnownFileType = sourcecode.c.objc; path = DataAnalizer.m; sourceTree = "<group>"; };
		847219CC1D684E5500DE4E56 /* ScriptExecuteManager.h */ = {isa = PBXFileReference; fileEncoding = 4; lastKnownFileType = sourcecode.c.h; path = ScriptExecuteManager.h; sourceTree = "<group>"; };
		847219CD1D684E5500DE4E56 /* ScriptExecuteManager.m */ = {isa = PBXFileReference; fileEncoding = 4; lastKnownFileType = sourcecode.c.objc; path = ScriptExecuteManager.m; sourceTree = "<group>"; };
		84752D901D5F052000127812 /* GraduatedLineView.h */ = {isa = PBXFileReference; fileEncoding = 4; lastKnownFileType = sourcecode.c.h; path = GraduatedLineView.h; sourceTree = "<group>"; };
		84752D911D5F052000127812 /* GraduatedLineView.m */ = {isa = PBXFileReference; fileEncoding = 4; lastKnownFileType = sourcecode.c.objc; path = GraduatedLineView.m; sourceTree = "<group>"; };
		847D2E271D5C59A600DBC24C /* Smell.h */ = {isa = PBXFileReference; fileEncoding = 4; lastKnownFileType = sourcecode.c.h; path = Smell.h; sourceTree = "<group>"; };
		847D2E281D5C59A600DBC24C /* Smell.m */ = {isa = PBXFileReference; fileEncoding = 4; lastKnownFileType = sourcecode.c.objc; path = Smell.m; sourceTree = "<group>"; };
		847D2E2A1D5C5FBC00DBC24C /* SmellFakeView.h */ = {isa = PBXFileReference; fileEncoding = 4; lastKnownFileType = sourcecode.c.h; path = SmellFakeView.h; sourceTree = "<group>"; };
		847D2E2B1D5C5FBC00DBC24C /* SmellFakeView.m */ = {isa = PBXFileReference; fileEncoding = 4; lastKnownFileType = sourcecode.c.objc; path = SmellFakeView.m; sourceTree = "<group>"; };
		8488208F1D65DAB30035BEE1 /* WawaSC-Regular.otf */ = {isa = PBXFileReference; lastKnownFileType = file; path = "WawaSC-Regular.otf"; sourceTree = "<group>"; };
		848820901D65DAE50035BEE1 /* HuaKangHaiBao.ttf */ = {isa = PBXFileReference; lastKnownFileType = file; path = HuaKangHaiBao.ttf; sourceTree = "<group>"; };
/* End PBXFileReference section */

/* Begin PBXFrameworksBuildPhase section */
		8419331F1D5B252100E8E9EE /* Frameworks */ = {
			isa = PBXFrameworksBuildPhase;
			buildActionMask = 2147483647;
			files = (
				84691D4E1D6BEF5D002F836C /* libWeChatSDK.a in Frameworks */,
				84691D3C1D6BEF29002F836C /* libc++.tbd in Frameworks */,
				84691D4B1D6BEF5D002F836C /* TencentOpenAPI.framework in Frameworks */,
				84691D3A1D6BEF1A002F836C /* libsqlite3.0.tbd in Frameworks */,
				84691D381D6BEF10002F836C /* libz.tbd in Frameworks */,
				84691D361D6BEF05002F836C /* SystemConfiguration.framework in Frameworks */,
				11385125FBE8743EF769DFB1 /* libPods-DigitalSenseHD.a in Frameworks */,
			);
			runOnlyForDeploymentPostprocessing = 0;
		};
/* End PBXFrameworksBuildPhase section */

/* Begin PBXGroup section */
		50495CECEFC3E1A5DB34DB38 /* Pods */ = {
			isa = PBXGroup;
			children = (
				076A9A7E15D65EA9F8D8DA58 /* Pods-DigitalSenseHD.debug.xcconfig */,
				08F96D402CAC997922FBB457 /* Pods-DigitalSenseHD.release.xcconfig */,
			);
			name = Pods;
			sourceTree = "<group>";
		};
		8407720C1D61BF9200A51654 /* CollectionViewOperationManager */ = {
			isa = PBXGroup;
			children = (
				8407720D1D61BFAA00A51654 /* CollectionViewOperationManager.h */,
				8407720E1D61BFAA00A51654 /* CollectionViewOperationManager.m */,
			);
			path = CollectionViewOperationManager;
			sourceTree = "<group>";
		};
		841933191D5B252100E8E9EE = {
			isa = PBXGroup;
			children = (
				841933241D5B252100E8E9EE /* DigitalSenseHD */,
				841933231D5B252100E8E9EE /* Products */,
				50495CECEFC3E1A5DB34DB38 /* Pods */,
				BC31833F3BBF3369D627671A /* Frameworks */,
			);
			sourceTree = "<group>";
		};
		841933231D5B252100E8E9EE /* Products */ = {
			isa = PBXGroup;
			children = (
				841933221D5B252100E8E9EE /* DigitalSenseHD.app */,
			);
			name = Products;
			sourceTree = "<group>";
		};
		841933241D5B252100E8E9EE /* DigitalSenseHD */ = {
			isa = PBXGroup;
			children = (
				8462EB3E1D5DAEA900897F92 /* CustomLewReorderableLayout */,
				8462EB391D5D80A100897F92 /* Category */,
				847090D81D5C2C0C009DCD46 /* CustomView */,
				8419333F1D5B27BC00E8E9EE /* Controller */,
				841933401D5B27BC00E8E9EE /* CustomManager */,
				841933411D5B27BC00E8E9EE /* Model */,
				841933421D5B27BC00E8E9EE /* NetWorkManager */,
				8419334F1D5B27BC00E8E9EE /* ThirdPartPlugins */,
				841933501D5B27BC00E8E9EE /* Utils */,
				841933281D5B252100E8E9EE /* AppDelegate.h */,
				841933291D5B252100E8E9EE /* AppDelegate.m */,
				8419332E1D5B252100E8E9EE /* Main.storyboard */,
				841933311D5B252100E8E9EE /* DigitalSenseHD.xcdatamodeld */,
				841933251D5B252100E8E9EE /* Supporting Files */,
			);
			path = DigitalSenseHD;
			sourceTree = "<group>";
		};
		841933251D5B252100E8E9EE /* Supporting Files */ = {
			isa = PBXGroup;
			children = (
				848820901D65DAE50035BEE1 /* HuaKangHaiBao.ttf */,
				8488208F1D65DAB30035BEE1 /* WawaSC-Regular.otf */,
				841933361D5B252100E8E9EE /* LaunchScreen.storyboard */,
				841933391D5B252100E8E9EE /* Info.plist */,
				841933341D5B252100E8E9EE /* Assets.xcassets */,
				841933261D5B252100E8E9EE /* main.m */,
				8419335E1D5B28A100E8E9EE /* DigitalSenseHD-Prefix.pch */,
			);
			name = "Supporting Files";
			sourceTree = "<group>";
		};
		8419333F1D5B27BC00E8E9EE /* Controller */ = {
			isa = PBXGroup;
			children = (
				8467F91B1D6ACBC300FEF47A /* FlipPlayViewController */,
				847219A81D6839BD00DE4E56 /* PlayViewController */,
				8419335A1D5B27F500E8E9EE /* HomeViewController */,
			);
			path = Controller;
			sourceTree = "<group>";
		};
		841933401D5B27BC00E8E9EE /* CustomManager */ = {
			isa = PBXGroup;
			children = (
				84691D3D1D6BEF5D002F836C /* shareManager */,
				847219C31D684E5500DE4E56 /* Bluetooth */,
				847219CB1D684E5500DE4E56 /* Script */,
				8407720C1D61BF9200A51654 /* CollectionViewOperationManager */,
			);
			path = CustomManager;
			sourceTree = "<group>";
		};
		841933411D5B27BC00E8E9EE /* Model */ = {
			isa = PBXGroup;
			children = (
				847219AC1D683ED200DE4E56 /* RelativeTimeScript.h */,
				847219AD1D683ED200DE4E56 /* RelativeTimeScript.m */,
				847219AE1D683ED200DE4E56 /* Script.h */,
				847219AF1D683ED200DE4E56 /* Script.m */,
				847D2E271D5C59A600DBC24C /* Smell.h */,
				847D2E281D5C59A600DBC24C /* Smell.m */,
				8462EB231D5D73F700897F92 /* ScriptCommand.h */,
				8462EB241D5D73F700897F92 /* ScriptCommand.m */,
			);
			path = Model;
			sourceTree = "<group>";
		};
		841933421D5B27BC00E8E9EE /* NetWorkManager */ = {
			isa = PBXGroup;
			children = (
				841933431D5B27BC00E8E9EE /* NetWorkAPIManager */,
				841933481D5B27BC00E8E9EE /* RFGeneralManager.h */,
				841933491D5B27BC00E8E9EE /* RFGeneralManager.m */,
				8419334A1D5B27BC00E8E9EE /* RFNetWorkHelper.h */,
				8419334B1D5B27BC00E8E9EE /* SCNetWorkManager.h */,
				8419334C1D5B27BC00E8E9EE /* SCNetWorkManager.m */,
				8419334D1D5B27BC00E8E9EE /* URLManager.h */,
				8419334E1D5B27BC00E8E9EE /* URLManager.m */,
			);
			path = NetWorkManager;
			sourceTree = "<group>";
		};
		841933431D5B27BC00E8E9EE /* NetWorkAPIManager */ = {
			isa = PBXGroup;
			children = (
			);
			path = NetWorkAPIManager;
			sourceTree = "<group>";
		};
		8419334F1D5B27BC00E8E9EE /* ThirdPartPlugins */ = {
			isa = PBXGroup;
			children = (
				8419335F1D5B2E4E00E8E9EE /* MBProgressCustomView */,
			);
			path = ThirdPartPlugins;
			sourceTree = "<group>";
		};
		841933501D5B27BC00E8E9EE /* Utils */ = {
			isa = PBXGroup;
			children = (
				841933511D5B27BC00E8E9EE /* AppUtils.h */,
				841933521D5B27BC00E8E9EE /* AppUtils.m */,
				841933531D5B27BC00E8E9EE /* GlobalVar.h */,
			);
			path = Utils;
			sourceTree = "<group>";
		};
		8419335A1D5B27F500E8E9EE /* HomeViewController */ = {
			isa = PBXGroup;
			children = (
				8462EB291D5D785D00897F92 /* HomeCollectionViewCell */,
				8419335B1D5B281C00E8E9EE /* HomeViewController.h */,
				8419335C1D5B281C00E8E9EE /* HomeViewController.m */,
			);
			path = HomeViewController;
			sourceTree = "<group>";
		};
		8419335F1D5B2E4E00E8E9EE /* MBProgressCustomView */ = {
			isa = PBXGroup;
			children = (
				841933601D5B2E4E00E8E9EE /* load_circle.png */,
				841933611D5B2E4E00E8E9EE /* MBProgressCustomView.h */,
				841933621D5B2E4E00E8E9EE /* MBProgressCustomView.m */,
			);
			path = MBProgressCustomView;
			sourceTree = "<group>";
		};
		842D8C6C1D66B29800DE6EBB /* UIView+Boom */ = {
			isa = PBXGroup;
			children = (
				842D8C6D1D66B29800DE6EBB /* UIView+Boom.h */,
				842D8C6E1D66B29800DE6EBB /* UIView+Boom.m */,
			);
			path = "UIView+Boom";
			sourceTree = "<group>";
		};
		8462EB291D5D785D00897F92 /* HomeCollectionViewCell */ = {
			isa = PBXGroup;
			children = (
				8462EB2A1D5D788000897F92 /* HomeCollectionViewCell.h */,
				8462EB2B1D5D788000897F92 /* HomeCollectionViewCell.m */,
				8462EB361D5D800500897F92 /* RealCellView.h */,
				8462EB371D5D800500897F92 /* RealCellView.m */,
			);
			path = HomeCollectionViewCell;
			sourceTree = "<group>";
		};
		8462EB391D5D80A100897F92 /* Category */ = {
			isa = PBXGroup;
			children = (
				8467F9291D6AF45D00FEF47A /* CAShapeLayer+FlipBackViewMask */,
				847219B21D6843BE00DE4E56 /* WXSTransition */,
				842D8C6C1D66B29800DE6EBB /* UIView+Boom */,
				8462EB3A1D5D80A100897F92 /* UIColor+HexString */,
			);
			path = Category;
			sourceTree = "<group>";
		};
		8462EB3A1D5D80A100897F92 /* UIColor+HexString */ = {
			isa = PBXGroup;
			children = (
				8462EB3B1D5D80A100897F92 /* UIColor+HexString.h */,
				8462EB3C1D5D80A100897F92 /* UIColor+HexString.m */,
			);
			path = "UIColor+HexString";
			sourceTree = "<group>";
		};
		8462EB3E1D5DAEA900897F92 /* CustomLewReorderableLayout */ = {
			isa = PBXGroup;
			children = (
				8462EB3F1D5DAED700897F92 /* CustomLewReorderableLayout.h */,
				8462EB401D5DAED700897F92 /* CustomLewReorderableLayout.m */,
			);
			path = CustomLewReorderableLayout;
			sourceTree = "<group>";
		};
		8467F91B1D6ACBC300FEF47A /* FlipPlayViewController */ = {
			isa = PBXGroup;
			children = (
				8467F91C1D6ACBD200FEF47A /* FlipPlayViewController.h */,
				8467F91D1D6ACBD200FEF47A /* FlipPlayViewController.m */,
			);
			path = FlipPlayViewController;
			sourceTree = "<group>";
		};
		8467F91F1D6AD01100FEF47A /* FlipPlayView */ = {
			isa = PBXGroup;
			children = (
				8467F9201D6AD03600FEF47A /* FlipPlayBackView.h */,
				8467F9211D6AD03600FEF47A /* FlipPlayBackView.m */,
				8467F9231D6AD04600FEF47A /* FlipPlayView.h */,
				8467F9241D6AD04600FEF47A /* FlipPlayView.m */,
				8467F9261D6AD59A00FEF47A /* FlipContentView.h */,
				8467F9271D6AD59A00FEF47A /* FlipContentView.m */,
			);
			path = FlipPlayView;
			sourceTree = "<group>";
		};
		8467F9291D6AF45D00FEF47A /* CAShapeLayer+FlipBackViewMask */ = {
			isa = PBXGroup;
			children = (
				8467F92A1D6AF48800FEF47A /* CAShapeLayer+FlipBackViewMask.h */,
				8467F92B1D6AF48800FEF47A /* CAShapeLayer+FlipBackViewMask.m */,
			);
			path = "CAShapeLayer+FlipBackViewMask";
			sourceTree = "<group>";
		};
		84691D3D1D6BEF5D002F836C /* shareManager */ = {
			isa = PBXGroup;
			children = (
				84691D3E1D6BEF5D002F836C /* CommonTools.h */,
				84691D3F1D6BEF5D002F836C /* CommonTools.m */,
				84691D401D6BEF5D002F836C /* QQZone */,
				84691D431D6BEF5D002F836C /* sdkDef.h */,
				84691D441D6BEF5D002F836C /* ShareManage.h */,
				84691D451D6BEF5D002F836C /* ShareManage.m */,
				84691D461D6BEF5D002F836C /* WeChat */,
			);
			path = shareManager;
			sourceTree = "<group>";
		};
		84691D401D6BEF5D002F836C /* QQZone */ = {
			isa = PBXGroup;
			children = (
				84691D411D6BEF5D002F836C /* TencentOpenAPI.framework */,
				84691D421D6BEF5D002F836C /* TencentOpenApi_IOS_Bundle.bundle */,
			);
			path = QQZone;
			sourceTree = "<group>";
		};
		84691D461D6BEF5D002F836C /* WeChat */ = {
			isa = PBXGroup;
			children = (
				84691D471D6BEF5D002F836C /* libWeChatSDK.a */,
				84691D481D6BEF5D002F836C /* WXApi.h */,
				84691D491D6BEF5D002F836C /* WXApiObject.h */,
			);
			path = WeChat;
			sourceTree = "<group>";
		};
		847090D81D5C2C0C009DCD46 /* CustomView */ = {
			isa = PBXGroup;
			children = (
				8467F91F1D6AD01100FEF47A /* FlipPlayView */,
				8467F9181D6AB29E00FEF47A /* ZDProgressView.h */,
				8467F9191D6AB29E00FEF47A /* ZDProgressView.m */,
				847090DC1D5C2C43009DCD46 /* SmellView.h */,
				847090DD1D5C2C43009DCD46 /* SmellView.m */,
				847D2E2A1D5C5FBC00DBC24C /* SmellFakeView.h */,
				847D2E2B1D5C5FBC00DBC24C /* SmellFakeView.m */,
				84752D901D5F052000127812 /* GraduatedLineView.h */,
				84752D911D5F052000127812 /* GraduatedLineView.m */,
				847219A51D68074500DE4E56 /* UICircleButton.h */,
				847219A61D68074500DE4E56 /* UICircleButton.m */,
			);
			path = CustomView;
			sourceTree = "<group>";
		};
		847219A81D6839BD00DE4E56 /* PlayViewController */ = {
			isa = PBXGroup;
			children = (
				847219A91D6839CF00DE4E56 /* PlayViewController.h */,
				847219AA1D6839CF00DE4E56 /* PlayViewController.m */,
			);
			path = PlayViewController;
			sourceTree = "<group>";
		};
		847219B21D6843BE00DE4E56 /* WXSTransition */ = {
			isa = PBXGroup;
			children = (
				847219B31D6843BE00DE4E56 /* UINavigationController+WXSTransition.h */,
				847219B41D6843BE00DE4E56 /* UINavigationController+WXSTransition.m */,
				847219B51D6843BE00DE4E56 /* UIViewController+WXSTransition.h */,
				847219B61D6843BE00DE4E56 /* UIViewController+WXSTransition.m */,
				847219B71D6843BE00DE4E56 /* WXSPercentDrivenInteractiveTransition.h */,
				847219B81D6843BE00DE4E56 /* WXSPercentDrivenInteractiveTransition.m */,
				847219B91D6843BE00DE4E56 /* WXSTransitionManager.h */,
				847219BA1D6843BE00DE4E56 /* WXSTransitionManager.m */,
				847219BB1D6843BE00DE4E56 /* WXSTransitionProperty.h */,
				847219BC1D6843BE00DE4E56 /* WXSTransitionProperty.m */,
				847219BD1D6843BE00DE4E56 /* WXSTypedefConfig.h */,
			);
			path = WXSTransition;
			sourceTree = "<group>";
		};
		847219C31D684E5500DE4E56 /* Bluetooth */ = {
			isa = PBXGroup;
			children = (
				847219C41D684E5500DE4E56 /* BluetoothMacManager.h */,
				847219C51D684E5500DE4E56 /* BluetoothMacManager.m */,
				847219C61D684E5500DE4E56 /* BluetoothProcessManager.h */,
				847219C71D684E5500DE4E56 /* BluetoothProcessManager.m */,
				847219C81D684E5500DE4E56 /* DataAnalizer */,
			);
			path = Bluetooth;
			sourceTree = "<group>";
		};
		847219C81D684E5500DE4E56 /* DataAnalizer */ = {
			isa = PBXGroup;
			children = (
				847219C91D684E5500DE4E56 /* DataAnalizer.h */,
				847219CA1D684E5500DE4E56 /* DataAnalizer.m */,
			);
			path = DataAnalizer;
			sourceTree = "<group>";
		};
		847219CB1D684E5500DE4E56 /* Script */ = {
			isa = PBXGroup;
			children = (
				847219CC1D684E5500DE4E56 /* ScriptExecuteManager.h */,
				847219CD1D684E5500DE4E56 /* ScriptExecuteManager.m */,
			);
			path = Script;
			sourceTree = "<group>";
		};
		BC31833F3BBF3369D627671A /* Frameworks */ = {
			isa = PBXGroup;
			children = (
				84691D3B1D6BEF29002F836C /* libc++.tbd */,
				84691D391D6BEF1A002F836C /* libsqlite3.0.tbd */,
				84691D371D6BEF10002F836C /* libz.tbd */,
				84691D351D6BEF05002F836C /* SystemConfiguration.framework */,
				154374B62CBFE5C82DBB6315 /* libPods-DigitalSenseHD.a */,
			);
			name = Frameworks;
			sourceTree = "<group>";
		};
/* End PBXGroup section */

/* Begin PBXNativeTarget section */
		841933211D5B252100E8E9EE /* DigitalSenseHD */ = {
			isa = PBXNativeTarget;
			buildConfigurationList = 8419333C1D5B252100E8E9EE /* Build configuration list for PBXNativeTarget "DigitalSenseHD" */;
			buildPhases = (
				DD63E5338BD71E9355DB4161 /* Check Pods Manifest.lock */,
				8419331E1D5B252100E8E9EE /* Sources */,
				8419331F1D5B252100E8E9EE /* Frameworks */,
				841933201D5B252100E8E9EE /* Resources */,
				E6DBEF7BD9C59855CF68B262 /* Embed Pods Frameworks */,
				216F1329B75C60FA4C0EE960 /* Copy Pods Resources */,
			);
			buildRules = (
			);
			dependencies = (
			);
			name = DigitalSenseHD;
			productName = DigitalSenseHD;
			productReference = 841933221D5B252100E8E9EE /* DigitalSenseHD.app */;
			productType = "com.apple.product-type.application";
		};
/* End PBXNativeTarget section */

/* Begin PBXProject section */
		8419331A1D5B252100E8E9EE /* Project object */ = {
			isa = PBXProject;
			attributes = {
				LastUpgradeCheck = 0730;
				ORGANIZATIONNAME = RenRenFenQi;
				TargetAttributes = {
					841933211D5B252100E8E9EE = {
						CreatedOnToolsVersion = 7.3.1;
						DevelopmentTeam = VNE3KQ6H48;
					};
				};
			};
			buildConfigurationList = 8419331D1D5B252100E8E9EE /* Build configuration list for PBXProject "DigitalSenseHD" */;
			compatibilityVersion = "Xcode 3.2";
			developmentRegion = English;
			hasScannedForEncodings = 0;
			knownRegions = (
				en,
				Base,
			);
			mainGroup = 841933191D5B252100E8E9EE;
			productRefGroup = 841933231D5B252100E8E9EE /* Products */;
			projectDirPath = "";
			projectRoot = "";
			targets = (
				841933211D5B252100E8E9EE /* DigitalSenseHD */,
			);
		};
/* End PBXProject section */

/* Begin PBXResourcesBuildPhase section */
		841933201D5B252100E8E9EE /* Resources */ = {
			isa = PBXResourcesBuildPhase;
			buildActionMask = 2147483647;
			files = (
				848820921D65DC320035BEE1 /* WawaSC-Regular.otf in Resources */,
				841933381D5B252100E8E9EE /* LaunchScreen.storyboard in Resources */,
				841933351D5B252100E8E9EE /* Assets.xcassets in Resources */,
				848820911D65DAE50035BEE1 /* HuaKangHaiBao.ttf in Resources */,
				84691D4C1D6BEF5D002F836C /* TencentOpenApi_IOS_Bundle.bundle in Resources */,
				841933301D5B252100E8E9EE /* Main.storyboard in Resources */,
				841933631D5B2E4E00E8E9EE /* load_circle.png in Resources */,
			);
			runOnlyForDeploymentPostprocessing = 0;
		};
/* End PBXResourcesBuildPhase section */

/* Begin PBXShellScriptBuildPhase section */
		216F1329B75C60FA4C0EE960 /* Copy Pods Resources */ = {
			isa = PBXShellScriptBuildPhase;
			buildActionMask = 2147483647;
			files = (
			);
			inputPaths = (
			);
			name = "Copy Pods Resources";
			outputPaths = (
			);
			runOnlyForDeploymentPostprocessing = 0;
			shellPath = /bin/sh;
			shellScript = "\"${SRCROOT}/Pods/Target Support Files/Pods-DigitalSenseHD/Pods-DigitalSenseHD-resources.sh\"\n";
			showEnvVarsInLog = 0;
		};
		DD63E5338BD71E9355DB4161 /* Check Pods Manifest.lock */ = {
			isa = PBXShellScriptBuildPhase;
			buildActionMask = 2147483647;
			files = (
			);
			inputPaths = (
			);
			name = "Check Pods Manifest.lock";
			outputPaths = (
			);
			runOnlyForDeploymentPostprocessing = 0;
			shellPath = /bin/sh;
			shellScript = "diff \"${PODS_ROOT}/../Podfile.lock\" \"${PODS_ROOT}/Manifest.lock\" > /dev/null\nif [[ $? != 0 ]] ; then\n    cat << EOM\nerror: The sandbox is not in sync with the Podfile.lock. Run 'pod install' or update your CocoaPods installation.\nEOM\n    exit 1\nfi\n";
			showEnvVarsInLog = 0;
		};
		E6DBEF7BD9C59855CF68B262 /* Embed Pods Frameworks */ = {
			isa = PBXShellScriptBuildPhase;
			buildActionMask = 2147483647;
			files = (
			);
			inputPaths = (
			);
			name = "Embed Pods Frameworks";
			outputPaths = (
			);
			runOnlyForDeploymentPostprocessing = 0;
			shellPath = /bin/sh;
			shellScript = "\"${SRCROOT}/Pods/Target Support Files/Pods-DigitalSenseHD/Pods-DigitalSenseHD-frameworks.sh\"\n";
			showEnvVarsInLog = 0;
		};
/* End PBXShellScriptBuildPhase section */

/* Begin PBXSourcesBuildPhase section */
		8419331E1D5B252100E8E9EE /* Sources */ = {
			isa = PBXSourcesBuildPhase;
			buildActionMask = 2147483647;
			files = (
				8462EB251D5D73F700897F92 /* ScriptCommand.m in Sources */,
				847D2E291D5C59A600DBC24C /* Smell.m in Sources */,
				847D2E2C1D5C5FBC00DBC24C /* SmellFakeView.m in Sources */,
				8467F91A1D6AB29E00FEF47A /* ZDProgressView.m in Sources */,
				841933571D5B27BC00E8E9EE /* SCNetWorkManager.m in Sources */,
				8467F9281D6AD59A00FEF47A /* FlipContentView.m in Sources */,
				847219C21D6843BE00DE4E56 /* WXSTransitionProperty.m in Sources */,
				8467F91E1D6ACBD200FEF47A /* FlipPlayViewController.m in Sources */,
				8462EB381D5D800500897F92 /* RealCellView.m in Sources */,
				8467F92C1D6AF48800FEF47A /* CAShapeLayer+FlipBackViewMask.m in Sources */,
				847219CF1D684E5500DE4E56 /* BluetoothProcessManager.m in Sources */,
				842D8C6F1D66B29800DE6EBB /* UIView+Boom.m in Sources */,
				84691D4D1D6BEF5D002F836C /* ShareManage.m in Sources */,
				8419332A1D5B252100E8E9EE /* AppDelegate.m in Sources */,
				847219AB1D6839CF00DE4E56 /* PlayViewController.m in Sources */,
				847090DE1D5C2C43009DCD46 /* SmellView.m in Sources */,
				8419335D1D5B281C00E8E9EE /* HomeViewController.m in Sources */,
				841933641D5B2E4E00E8E9EE /* MBProgressCustomView.m in Sources */,
				841933271D5B252100E8E9EE /* main.m in Sources */,
				841933561D5B27BC00E8E9EE /* RFGeneralManager.m in Sources */,
				847219D01D684E5500DE4E56 /* DataAnalizer.m in Sources */,
				8467F9221D6AD03600FEF47A /* FlipPlayBackView.m in Sources */,
				841933581D5B27BC00E8E9EE /* URLManager.m in Sources */,
				8462EB2C1D5D788000897F92 /* HomeCollectionViewCell.m in Sources */,
				847219D11D684E5500DE4E56 /* ScriptExecuteManager.m in Sources */,
				847219BF1D6843BE00DE4E56 /* UIViewController+WXSTransition.m in Sources */,
				841933591D5B27BC00E8E9EE /* AppUtils.m in Sources */,
				847219C11D6843BE00DE4E56 /* WXSTransitionManager.m in Sources */,
				8462EB3D1D5D80A100897F92 /* UIColor+HexString.m in Sources */,
				847219B01D683ED200DE4E56 /* RelativeTimeScript.m in Sources */,
				847219CE1D684E5500DE4E56 /* BluetoothMacManager.m in Sources */,
				8407720F1D61BFAA00A51654 /* CollectionViewOperationManager.m in Sources */,
				8467F9251D6AD04600FEF47A /* FlipPlayView.m in Sources */,
				847219B11D683ED200DE4E56 /* Script.m in Sources */,
				847219C01D6843BE00DE4E56 /* WXSPercentDrivenInteractiveTransition.m in Sources */,
				84691D4A1D6BEF5D002F836C /* CommonTools.m in Sources */,
				841933331D5B252100E8E9EE /* DigitalSenseHD.xcdatamodeld in Sources */,
				8462EB411D5DAED700897F92 /* CustomLewReorderableLayout.m in Sources */,
				84752D921D5F052000127812 /* GraduatedLineView.m in Sources */,
				847219A71D68074500DE4E56 /* UICircleButton.m in Sources */,
				847219BE1D6843BE00DE4E56 /* UINavigationController+WXSTransition.m in Sources */,
			);
			runOnlyForDeploymentPostprocessing = 0;
		};
/* End PBXSourcesBuildPhase section */

/* Begin PBXVariantGroup section */
		8419332E1D5B252100E8E9EE /* Main.storyboard */ = {
			isa = PBXVariantGroup;
			children = (
				8419332F1D5B252100E8E9EE /* Base */,
			);
			name = Main.storyboard;
			sourceTree = "<group>";
		};
		841933361D5B252100E8E9EE /* LaunchScreen.storyboard */ = {
			isa = PBXVariantGroup;
			children = (
				841933371D5B252100E8E9EE /* Base */,
			);
			name = LaunchScreen.storyboard;
			sourceTree = "<group>";
		};
/* End PBXVariantGroup section */

/* Begin XCBuildConfiguration section */
		8419333A1D5B252100E8E9EE /* Debug */ = {
			isa = XCBuildConfiguration;
			buildSettings = {
				ALWAYS_SEARCH_USER_PATHS = NO;
				CLANG_ANALYZER_NONNULL = YES;
				CLANG_CXX_LANGUAGE_STANDARD = "gnu++0x";
				CLANG_CXX_LIBRARY = "libc++";
				CLANG_ENABLE_MODULES = YES;
				CLANG_ENABLE_OBJC_ARC = YES;
				CLANG_WARN_BOOL_CONVERSION = YES;
				CLANG_WARN_CONSTANT_CONVERSION = YES;
				CLANG_WARN_DIRECT_OBJC_ISA_USAGE = YES_ERROR;
				CLANG_WARN_EMPTY_BODY = YES;
				CLANG_WARN_ENUM_CONVERSION = YES;
				CLANG_WARN_INT_CONVERSION = YES;
				CLANG_WARN_OBJC_ROOT_CLASS = YES_ERROR;
				CLANG_WARN_UNREACHABLE_CODE = YES;
				CLANG_WARN__DUPLICATE_METHOD_MATCH = YES;
				"CODE_SIGN_IDENTITY[sdk=iphoneos*]" = "iPhone Developer";
				COPY_PHASE_STRIP = NO;
				DEBUG_INFORMATION_FORMAT = dwarf;
				ENABLE_STRICT_OBJC_MSGSEND = YES;
				ENABLE_TESTABILITY = YES;
				GCC_C_LANGUAGE_STANDARD = gnu99;
				GCC_DYNAMIC_NO_PIC = NO;
				GCC_NO_COMMON_BLOCKS = YES;
				GCC_OPTIMIZATION_LEVEL = 0;
				GCC_PREPROCESSOR_DEFINITIONS = (
					"DEBUG=1",
					"$(inherited)",
				);
				GCC_WARN_64_TO_32_BIT_CONVERSION = YES;
				GCC_WARN_ABOUT_RETURN_TYPE = YES_ERROR;
				GCC_WARN_UNDECLARED_SELECTOR = YES;
				GCC_WARN_UNINITIALIZED_AUTOS = YES_AGGRESSIVE;
				GCC_WARN_UNUSED_FUNCTION = YES;
				GCC_WARN_UNUSED_VARIABLE = YES;
				IPHONEOS_DEPLOYMENT_TARGET = 9.3;
				MTL_ENABLE_DEBUG_INFO = YES;
				ONLY_ACTIVE_ARCH = YES;
				SDKROOT = iphoneos;
			};
			name = Debug;
		};
		8419333B1D5B252100E8E9EE /* Release */ = {
			isa = XCBuildConfiguration;
			buildSettings = {
				ALWAYS_SEARCH_USER_PATHS = NO;
				CLANG_ANALYZER_NONNULL = YES;
				CLANG_CXX_LANGUAGE_STANDARD = "gnu++0x";
				CLANG_CXX_LIBRARY = "libc++";
				CLANG_ENABLE_MODULES = YES;
				CLANG_ENABLE_OBJC_ARC = YES;
				CLANG_WARN_BOOL_CONVERSION = YES;
				CLANG_WARN_CONSTANT_CONVERSION = YES;
				CLANG_WARN_DIRECT_OBJC_ISA_USAGE = YES_ERROR;
				CLANG_WARN_EMPTY_BODY = YES;
				CLANG_WARN_ENUM_CONVERSION = YES;
				CLANG_WARN_INT_CONVERSION = YES;
				CLANG_WARN_OBJC_ROOT_CLASS = YES_ERROR;
				CLANG_WARN_UNREACHABLE_CODE = YES;
				CLANG_WARN__DUPLICATE_METHOD_MATCH = YES;
				"CODE_SIGN_IDENTITY[sdk=iphoneos*]" = "iPhone Developer";
				COPY_PHASE_STRIP = NO;
				DEBUG_INFORMATION_FORMAT = "dwarf-with-dsym";
				ENABLE_NS_ASSERTIONS = NO;
				ENABLE_STRICT_OBJC_MSGSEND = YES;
				GCC_C_LANGUAGE_STANDARD = gnu99;
				GCC_NO_COMMON_BLOCKS = YES;
				GCC_WARN_64_TO_32_BIT_CONVERSION = YES;
				GCC_WARN_ABOUT_RETURN_TYPE = YES_ERROR;
				GCC_WARN_UNDECLARED_SELECTOR = YES;
				GCC_WARN_UNINITIALIZED_AUTOS = YES_AGGRESSIVE;
				GCC_WARN_UNUSED_FUNCTION = YES;
				GCC_WARN_UNUSED_VARIABLE = YES;
				IPHONEOS_DEPLOYMENT_TARGET = 9.3;
				MTL_ENABLE_DEBUG_INFO = NO;
				SDKROOT = iphoneos;
				VALIDATE_PRODUCT = YES;
			};
			name = Release;
		};
		8419333D1D5B252100E8E9EE /* Debug */ = {
			isa = XCBuildConfiguration;
			baseConfigurationReference = 076A9A7E15D65EA9F8D8DA58 /* Pods-DigitalSenseHD.debug.xcconfig */;
			buildSettings = {
				ASSETCATALOG_COMPILER_APPICON_NAME = AppIcon;
				CODE_SIGN_IDENTITY = "iPhone Developer";
				"CODE_SIGN_IDENTITY[sdk=iphoneos*]" = "iPhone Developer";
				ENABLE_BITCODE = NO;
				FRAMEWORK_SEARCH_PATHS = (
					"$(inherited)",
					"$(PROJECT_DIR)/DigitalSenseHD/CustomManager/shareManager/QQZone",
				);
				GCC_PREFIX_HEADER = "DigitalSenseHD/DigitalSenseHD-Prefix.pch";
				INFOPLIST_FILE = DigitalSenseHD/Info.plist;
				IPHONEOS_DEPLOYMENT_TARGET = 7.0;
				LD_RUNPATH_SEARCH_PATHS = "$(inherited) @executable_path/Frameworks";
				LIBRARY_SEARCH_PATHS = (
					"$(inherited)",
					"$(PROJECT_DIR)/DigitalSenseHD/CustomManager/shareManager/WeChat",
				);
				PRODUCT_BUNDLE_IDENTIFIER = com.renrenCompany.DigitalSenseHD;
				PRODUCT_NAME = "$(TARGET_NAME)";
				PROVISIONING_PROFILE = "";
				TARGETED_DEVICE_FAMILY = 2;
			};
			name = Debug;
		};
		8419333E1D5B252100E8E9EE /* Release */ = {
			isa = XCBuildConfiguration;
			baseConfigurationReference = 08F96D402CAC997922FBB457 /* Pods-DigitalSenseHD.release.xcconfig */;
			buildSettings = {
				ASSETCATALOG_COMPILER_APPICON_NAME = AppIcon;
				CODE_SIGN_IDENTITY = "iPhone Developer";
				"CODE_SIGN_IDENTITY[sdk=iphoneos*]" = "iPhone Developer";
				ENABLE_BITCODE = NO;
				FRAMEWORK_SEARCH_PATHS = (
					"$(inherited)",
					"$(PROJECT_DIR)/DigitalSenseHD/CustomManager/shareManager/QQZone",
				);
				GCC_PREFIX_HEADER = "DigitalSenseHD/DigitalSenseHD-Prefix.pch";
				INFOPLIST_FILE = DigitalSenseHD/Info.plist;
				IPHONEOS_DEPLOYMENT_TARGET = 7.0;
				LD_RUNPATH_SEARCH_PATHS = "$(inherited) @executable_path/Frameworks";
				LIBRARY_SEARCH_PATHS = (
					"$(inherited)",
					"$(PROJECT_DIR)/DigitalSenseHD/CustomManager/shareManager/WeChat",
				);
				PRODUCT_BUNDLE_IDENTIFIER = com.renrenCompany.DigitalSenseHD;
				PRODUCT_NAME = "$(TARGET_NAME)";
				PROVISIONING_PROFILE = "";
				TARGETED_DEVICE_FAMILY = 2;
			};
			name = Release;
		};
/* End XCBuildConfiguration section */

/* Begin XCConfigurationList section */
		8419331D1D5B252100E8E9EE /* Build configuration list for PBXProject "DigitalSenseHD" */ = {
			isa = XCConfigurationList;
			buildConfigurations = (
				8419333A1D5B252100E8E9EE /* Debug */,
				8419333B1D5B252100E8E9EE /* Release */,
			);
			defaultConfigurationIsVisible = 0;
			defaultConfigurationName = Release;
		};
		8419333C1D5B252100E8E9EE /* Build configuration list for PBXNativeTarget "DigitalSenseHD" */ = {
			isa = XCConfigurationList;
			buildConfigurations = (
				8419333D1D5B252100E8E9EE /* Debug */,
				8419333E1D5B252100E8E9EE /* Release */,
			);
			defaultConfigurationIsVisible = 0;
			defaultConfigurationName = Release;
		};
/* End XCConfigurationList section */

/* Begin XCVersionGroup section */
		841933311D5B252100E8E9EE /* DigitalSenseHD.xcdatamodeld */ = {
			isa = XCVersionGroup;
			children = (
				841933321D5B252100E8E9EE /* DigitalSenseHD.xcdatamodel */,
			);
			currentVersion = 841933321D5B252100E8E9EE /* DigitalSenseHD.xcdatamodel */;
			path = DigitalSenseHD.xcdatamodeld;
			sourceTree = "<group>";
			versionGroupType = wrapper.xcdatamodel;
		};
/* End XCVersionGroup section */
	};
	rootObject = 8419331A1D5B252100E8E9EE /* Project object */;
}
